
Microsoft Visual Studio Solution File, Format Version 12.00
# Visual Studio 15
VisualStudioVersion = 15.0.26430.6
MinimumVisualStudioVersion = 10.0.40219.1
Project("{FAE04EC0-301F-11D3-BF4B-00C04F79EFBC}") = "ElvenNameGenerator", "ElvenNameGenerator\ElvenNameGenerator.csproj", "{22FCD93F-C9CC-42D6-9337-0F6867F247C9}"
EndProject
Project("{FAE04EC0-301F-11D3-BF4B-00C04F79EFBC}") = "ElvenNameGenerator.Tests", "ElvenNameGenerator.Tests\ElvenNameGenerator.Tests.csproj", "{5EDB199C-F451-4850-8BB0-DB9505F3F40F}"
	ProjectSection(ProjectDependencies) = postProject
		{22FCD93F-C9CC-42D6-9337-0F6867F247C9} = {22FCD93F-C9CC-42D6-9337-0F6867F247C9}
	EndProjectSection
EndProject
Global
	GlobalSection(SolutionConfigurationPlatforms) = preSolution
		Debug|Any CPU = Debug|Any CPU
		Release|Any CPU = Release|Any CPU
	EndGlobalSection
	GlobalSection(ProjectConfigurationPlatforms) = postSolution
		{22FCD93F-C9CC-42D6-9337-0F6867F247C9}.Debug|Any CPU.ActiveCfg = Debug|Any CPU
		{22FCD93F-C9CC-42D6-9337-0F6867F247C9}.Debug|Any CPU.Build.0 = Debug|Any CPU
		{22FCD93F-C9CC-42D6-9337-0F6867F247C9}.Release|Any CPU.ActiveCfg = Release|Any CPU
		{22FCD93F-C9CC-42D6-9337-0F6867F247C9}.Release|Any CPU.Build.0 = Release|Any CPU
		{5EDB199C-F451-4850-8BB0-DB9505F3F40F}.Debug|Any CPU.ActiveCfg = Debug|Any CPU
		{5EDB199C-F451-4850-8BB0-DB9505F3F40F}.Debug|Any CPU.Build.0 = Debug|Any CPU
		{5EDB199C-F451-4850-8BB0-DB9505F3F40F}.Release|Any CPU.ActiveCfg = Release|Any CPU
		{5EDB199C-F451-4850-8BB0-DB9505F3F40F}.Release|Any CPU.Build.0 = Release|Any CPU
	EndGlobalSection
	GlobalSection(SolutionProperties) = preSolution
		HideSolutionNode = FALSE
	EndGlobalSection
EndGlobal
